
Microsoft Visual Studio Solution File, Format Version 12.00
# Visual Studio 2012
Project("{FAE04EC0-301F-11D3-BF4B-00C04F79EFBC}") = "MFConsoleApplication1", "MFConsoleApplication1\MFConsoleApplication1.csproj", "{6366C8C3-C1FD-4424-A877-9F9DFC1EA169}"
EndProject
Project("{2150E333-8FDC-42A3-9474-1A3956D46DE8}") = "NETMF Samples", "NETMF Samples", "{EFE894AB-933C-4A3C-97ED-EC8EEE0C9663}"
EndProject
Project("{FAE04EC0-301F-11D3-BF4B-00C04F79EFBC}") = "HttpClient", "..\NETMF 4.3 Samples\HttpClient\HttpClient\HttpClient.csproj", "{9387BD77-6E80-40F6-9DB0-11FAEFBD4074}"
EndProject
Project("{FAE04EC0-301F-11D3-BF4B-00C04F79EFBC}") = "SocketClient", "..\NETMF 4.3 Samples\SocketClient\SocketClient\SocketClient.csproj", "{989901FD-6F74-4859-ABFA-19BA20E55A00}"
EndProject
Project("{FAE04EC0-301F-11D3-BF4B-00C04F79EFBC}") = "MFConsoleApplication2", "MFConsoleApplication2\MFConsoleApplication2.csproj", "{506FAB8B-9EB6-4E84-B133-35ECBD391D0F}"
EndProject
Project("{FAE04EC0-301F-11D3-BF4B-00C04F79EFBC}") = "MFConsoleApplication3", "MFConsoleApplication3\MFConsoleApplication3.csproj", "{377EB255-1035-4209-99F9-F22659A30B80}"
EndProject
Global
	GlobalSection(SolutionConfigurationPlatforms) = preSolution
		Debug|Any CPU = Debug|Any CPU
		Release|Any CPU = Release|Any CPU
	EndGlobalSection
	GlobalSection(ProjectConfigurationPlatforms) = postSolution
		{6366C8C3-C1FD-4424-A877-9F9DFC1EA169}.Debug|Any CPU.ActiveCfg = Debug|Any CPU
		{6366C8C3-C1FD-4424-A877-9F9DFC1EA169}.Debug|Any CPU.Build.0 = Debug|Any CPU
		{6366C8C3-C1FD-4424-A877-9F9DFC1EA169}.Debug|Any CPU.Deploy.0 = Debug|Any CPU
		{6366C8C3-C1FD-4424-A877-9F9DFC1EA169}.Release|Any CPU.ActiveCfg = Release|Any CPU
		{6366C8C3-C1FD-4424-A877-9F9DFC1EA169}.Release|Any CPU.Build.0 = Release|Any CPU
		{6366C8C3-C1FD-4424-A877-9F9DFC1EA169}.Release|Any CPU.Deploy.0 = Release|Any CPU
		{9387BD77-6E80-40F6-9DB0-11FAEFBD4074}.Debug|Any CPU.ActiveCfg = Debug|Any CPU
		{9387BD77-6E80-40F6-9DB0-11FAEFBD4074}.Debug|Any CPU.Build.0 = Debug|Any CPU
		{9387BD77-6E80-40F6-9DB0-11FAEFBD4074}.Debug|Any CPU.Deploy.0 = Debug|Any CPU
		{9387BD77-6E80-40F6-9DB0-11FAEFBD4074}.Release|Any CPU.ActiveCfg = Release|Any CPU
		{9387BD77-6E80-40F6-9DB0-11FAEFBD4074}.Release|Any CPU.Build.0 = Release|Any CPU
		{9387BD77-6E80-40F6-9DB0-11FAEFBD4074}.Release|Any CPU.Deploy.0 = Release|Any CPU
		{989901FD-6F74-4859-ABFA-19BA20E55A00}.Debug|Any CPU.ActiveCfg = Debug|Any CPU
		{989901FD-6F74-4859-ABFA-19BA20E55A00}.Debug|Any CPU.Build.0 = Debug|Any CPU
		{989901FD-6F74-4859-ABFA-19BA20E55A00}.Debug|Any CPU.Deploy.0 = Debug|Any CPU
		{989901FD-6F74-4859-ABFA-19BA20E55A00}.Release|Any CPU.ActiveCfg = Release|Any CPU
		{989901FD-6F74-4859-ABFA-19BA20E55A00}.Release|Any CPU.Build.0 = Release|Any CPU
		{989901FD-6F74-4859-ABFA-19BA20E55A00}.Release|Any CPU.Deploy.0 = Release|Any CPU
		{506FAB8B-9EB6-4E84-B133-35ECBD391D0F}.Debug|Any CPU.ActiveCfg = Debug|Any CPU
		{506FAB8B-9EB6-4E84-B133-35ECBD391D0F}.Debug|Any CPU.Build.0 = Debug|Any CPU
		{506FAB8B-9EB6-4E84-B133-35ECBD391D0F}.Debug|Any CPU.Deploy.0 = Debug|Any CPU
		{506FAB8B-9EB6-4E84-B133-35ECBD391D0F}.Release|Any CPU.ActiveCfg = Release|Any CPU
		{506FAB8B-9EB6-4E84-B133-35ECBD391D0F}.Release|Any CPU.Build.0 = Release|Any CPU
		{506FAB8B-9EB6-4E84-B133-35ECBD391D0F}.Release|Any CPU.Deploy.0 = Release|Any CPU
		{377EB255-1035-4209-99F9-F22659A30B80}.Debug|Any CPU.ActiveCfg = Debug|Any CPU
		{377EB255-1035-4209-99F9-F22659A30B80}.Debug|Any CPU.Build.0 = Debug|Any CPU
		{377EB255-1035-4209-99F9-F22659A30B80}.Debug|Any CPU.Deploy.0 = Debug|Any CPU
		{377EB255-1035-4209-99F9-F22659A30B80}.Release|Any CPU.ActiveCfg = Release|Any CPU
		{377EB255-1035-4209-99F9-F22659A30B80}.Release|Any CPU.Build.0 = Release|Any CPU
		{377EB255-1035-4209-99F9-F22659A30B80}.Release|Any CPU.Deploy.0 = Release|Any CPU
	EndGlobalSection
	GlobalSection(SolutionProperties) = preSolution
		HideSolutionNode = FALSE
	EndGlobalSection
	GlobalSection(NestedProjects) = preSolution
		{9387BD77-6E80-40F6-9DB0-11FAEFBD4074} = {EFE894AB-933C-4A3C-97ED-EC8EEE0C9663}
		{989901FD-6F74-4859-ABFA-19BA20E55A00} = {EFE894AB-933C-4A3C-97ED-EC8EEE0C9663}
	EndGlobalSection
EndGlobal
