
Microsoft Visual Studio Solution File, Format Version 12.00
# Visual Studio 2012
Project("{FAE04EC0-301F-11D3-BF4B-00C04F79EFBC}") = "Algae.WcfServiceLibrary", "Algae.WcfServiceLibrary\Algae.WcfServiceLibrary.csproj", "{56EEB531-7E27-4ADF-A40B-704B2B733CFD}"
EndProject
Project("{FAE04EC0-301F-11D3-BF4B-00C04F79EFBC}") = "Algae.WindowsService", "Algae.WindowsService\Algae.WindowsService.csproj", "{2403DFC5-607B-4223-957D-6D58DBCEF53D}"
EndProject
Project("{FAE04EC0-301F-11D3-BF4B-00C04F79EFBC}") = "Algae.WcfCobraTestClient", "Algae.WcfCobraTestClient\Algae.WcfCobraTestClient.csproj", "{20BC2267-DEFF-4AAF-8626-3593986CD2DE}"
EndProject
Project("{FAE04EC0-301F-11D3-BF4B-00C04F79EFBC}") = "Algae.WcfCobraTestClient01", "Algae.WcfCobraTestClient01\Algae.WcfCobraTestClient01.csproj", "{C91229D4-1FCD-47CD-96B8-5CA2CF80EF07}"
EndProject
Project("{FAE04EC0-301F-11D3-BF4B-00C04F79EFBC}") = "Algae.WatchdogTest", "Algae.WatchdogTest\Algae.WatchdogTest.csproj", "{49755E18-FDAD-40D5-8326-C91213E02C56}"
EndProject
Project("{FAE04EC0-301F-11D3-BF4B-00C04F79EFBC}") = "Algae.WatchdogTest01", "Algae.WatchdogTest01\Algae.WatchdogTest01.csproj", "{02F2B438-325C-41D3-909E-E48B30DD74AE}"
EndProject
Global
	GlobalSection(SolutionConfigurationPlatforms) = preSolution
		Debug|Any CPU = Debug|Any CPU
		Release|Any CPU = Release|Any CPU
	EndGlobalSection
	GlobalSection(ProjectConfigurationPlatforms) = postSolution
		{56EEB531-7E27-4ADF-A40B-704B2B733CFD}.Debug|Any CPU.ActiveCfg = Debug|Any CPU
		{56EEB531-7E27-4ADF-A40B-704B2B733CFD}.Debug|Any CPU.Build.0 = Debug|Any CPU
		{56EEB531-7E27-4ADF-A40B-704B2B733CFD}.Release|Any CPU.ActiveCfg = Release|Any CPU
		{56EEB531-7E27-4ADF-A40B-704B2B733CFD}.Release|Any CPU.Build.0 = Release|Any CPU
		{2403DFC5-607B-4223-957D-6D58DBCEF53D}.Debug|Any CPU.ActiveCfg = Debug|Any CPU
		{2403DFC5-607B-4223-957D-6D58DBCEF53D}.Debug|Any CPU.Build.0 = Debug|Any CPU
		{2403DFC5-607B-4223-957D-6D58DBCEF53D}.Release|Any CPU.ActiveCfg = Release|Any CPU
		{2403DFC5-607B-4223-957D-6D58DBCEF53D}.Release|Any CPU.Build.0 = Release|Any CPU
		{20BC2267-DEFF-4AAF-8626-3593986CD2DE}.Debug|Any CPU.ActiveCfg = Debug|Any CPU
		{20BC2267-DEFF-4AAF-8626-3593986CD2DE}.Debug|Any CPU.Build.0 = Debug|Any CPU
		{20BC2267-DEFF-4AAF-8626-3593986CD2DE}.Debug|Any CPU.Deploy.0 = Debug|Any CPU
		{20BC2267-DEFF-4AAF-8626-3593986CD2DE}.Release|Any CPU.ActiveCfg = Release|Any CPU
		{20BC2267-DEFF-4AAF-8626-3593986CD2DE}.Release|Any CPU.Build.0 = Release|Any CPU
		{20BC2267-DEFF-4AAF-8626-3593986CD2DE}.Release|Any CPU.Deploy.0 = Release|Any CPU
		{C91229D4-1FCD-47CD-96B8-5CA2CF80EF07}.Debug|Any CPU.ActiveCfg = Debug|Any CPU
		{C91229D4-1FCD-47CD-96B8-5CA2CF80EF07}.Debug|Any CPU.Build.0 = Debug|Any CPU
		{C91229D4-1FCD-47CD-96B8-5CA2CF80EF07}.Debug|Any CPU.Deploy.0 = Debug|Any CPU
		{C91229D4-1FCD-47CD-96B8-5CA2CF80EF07}.Release|Any CPU.ActiveCfg = Release|Any CPU
		{C91229D4-1FCD-47CD-96B8-5CA2CF80EF07}.Release|Any CPU.Build.0 = Release|Any CPU
		{C91229D4-1FCD-47CD-96B8-5CA2CF80EF07}.Release|Any CPU.Deploy.0 = Release|Any CPU
		{49755E18-FDAD-40D5-8326-C91213E02C56}.Debug|Any CPU.ActiveCfg = Debug|Any CPU
		{49755E18-FDAD-40D5-8326-C91213E02C56}.Debug|Any CPU.Build.0 = Debug|Any CPU
		{49755E18-FDAD-40D5-8326-C91213E02C56}.Debug|Any CPU.Deploy.0 = Debug|Any CPU
		{49755E18-FDAD-40D5-8326-C91213E02C56}.Release|Any CPU.ActiveCfg = Release|Any CPU
		{49755E18-FDAD-40D5-8326-C91213E02C56}.Release|Any CPU.Build.0 = Release|Any CPU
		{49755E18-FDAD-40D5-8326-C91213E02C56}.Release|Any CPU.Deploy.0 = Release|Any CPU
		{02F2B438-325C-41D3-909E-E48B30DD74AE}.Debug|Any CPU.ActiveCfg = Debug|Any CPU
		{02F2B438-325C-41D3-909E-E48B30DD74AE}.Debug|Any CPU.Build.0 = Debug|Any CPU
		{02F2B438-325C-41D3-909E-E48B30DD74AE}.Debug|Any CPU.Deploy.0 = Debug|Any CPU
		{02F2B438-325C-41D3-909E-E48B30DD74AE}.Release|Any CPU.ActiveCfg = Release|Any CPU
		{02F2B438-325C-41D3-909E-E48B30DD74AE}.Release|Any CPU.Build.0 = Release|Any CPU
		{02F2B438-325C-41D3-909E-E48B30DD74AE}.Release|Any CPU.Deploy.0 = Release|Any CPU
	EndGlobalSection
	GlobalSection(SolutionProperties) = preSolution
		HideSolutionNode = FALSE
	EndGlobalSection
EndGlobal
