Microsoft Visual Studio Solution File, Format Version 11.00
# Visual Studio 2010
Project("{FAE04EC0-301F-11D3-BF4B-00C04F79EFBC}") = "InkCanvasSample", "InkCanvasSample\InkCanvasSample.csproj", "{22D277A3-E65C-4FF2-B827-6FB21F8EE825}"
EndProject

Global
	GlobalSection(SolutionConfigurationPlatforms) = preSolution
		Debug|Any CPU = Debug|Any CPU
		Release|Any CPU = Release|Any CPU
	EndGlobalSection
	GlobalSection(ProjectConfigurationPlatforms) = postSolution
		{22D277A3-E65C-4FF2-B827-6FB21F8EE825}.Debug|Any CPU.ActiveCfg = Debug|Any CPU
		{22D277A3-E65C-4FF2-B827-6FB21F8EE825}.Debug|Any CPU.Build.0 = Debug|Any CPU
		{22D277A3-E65C-4FF2-B827-6FB21F8EE825}.Debug|Any CPU.Deploy.0 = Debug|Any CPU
		{22D277A3-E65C-4FF2-B827-6FB21F8EE825}.Release|Any CPU.ActiveCfg = Release|Any CPU
		{22D277A3-E65C-4FF2-B827-6FB21F8EE825}.Release|Any CPU.Build.0 = Release|Any CPU
		{22D277A3-E65C-4FF2-B827-6FB21F8EE825}.Release|Any CPU.Deploy.0 = Release|Any CPU
	EndGlobalSection
	GlobalSection(SolutionProperties) = preSolution
		HideSolutionNode = FALSE
	EndGlobalSection
EndGlobal
