
Microsoft Visual Studio Solution File, Format Version 12.00
# Visual Studio 2013
VisualStudioVersion = 12.0.40629.0
MinimumVisualStudioVersion = 10.0.40219.1
Project("{2150E333-8FDC-42A3-9474-1A3956D46DE8}") = "Notes", "Notes", "{C9EF41B2-F3E8-4A72-BADC-E09CBF8C4C7E}"
	ProjectSection(SolutionItems) = preProject
		deployment-troubleshooting.txt = deployment-troubleshooting.txt
		netmf-limitations.txt = netmf-limitations.txt
		next-steps.txt = next-steps.txt
		read-the-log.txt = read-the-log.txt
		windows-10-open-port.txt = windows-10-open-port.txt
	EndProjectSection
EndProject
Project("{FAE04EC0-301F-11D3-BF4B-00C04F79EFBC}") = "Sample.Application", "Sample.Application\Sample.Application.csproj", "{D2AB95EB-C7AF-49B8-B945-5BD2EB06A29A}"
EndProject
Project("{FAE04EC0-301F-11D3-BF4B-00C04F79EFBC}") = "Algae.Abstractions", "Algae.Abstractions\Algae.Abstractions.csproj", "{EB6F90BA-D9F3-48E4-88C2-6172F2DE1C69}"
EndProject
Project("{FAE04EC0-301F-11D3-BF4B-00C04F79EFBC}") = "Algae.Core", "Algae.Core\Algae.Core.csproj", "{512E930F-CF8D-4DD6-836D-6A5E311669B0}"
EndProject
Project("{FAE04EC0-301F-11D3-BF4B-00C04F79EFBC}") = "Algae.Hardware.G120", "Algae.Hardware.G120\Algae.Hardware.G120.csproj", "{A01BE0CD-4B04-4A6C-A77B-A86D0902D055}"
EndProject
Project("{FAE04EC0-301F-11D3-BF4B-00C04F79EFBC}") = "Algae.Host.Emulator", "Algae.Host.Emulator\Algae.Host.Emulator.csproj", "{E35A0676-D95D-4E37-A8A0-BC1F85F05DDE}"
EndProject
Project("{FAE04EC0-301F-11D3-BF4B-00C04F79EFBC}") = "Algae.Host.G120", "Algae.Host.G120\Algae.Host.G120.csproj", "{C2CCF126-3F19-46D6-9B3F-6FAF96D73BF1}"
EndProject
Project("{FAE04EC0-301F-11D3-BF4B-00C04F79EFBC}") = "Algae.Hardware.Emulator", "Algae.Hardware.Emulator\Algae.Hardware.Emulator.csproj", "{3A1D044A-1860-464F-828D-6A4D337E79C9}"
EndProject
Project("{2150E333-8FDC-42A3-9474-1A3956D46DE8}") = "_ResearchAndSamples", "_ResearchAndSamples", "{4916A144-19B6-4211-8E07-D8268368AA81}"
EndProject
Project("{FAE04EC0-301F-11D3-BF4B-00C04F79EFBC}") = "HttpClient", "_ResearchAndSamples\HttpClient\HttpClient.csproj", "{1D7EC53F-350A-4FCE-81EF-3E5951926D15}"
EndProject
Project("{FAE04EC0-301F-11D3-BF4B-00C04F79EFBC}") = "HttpServer", "_ResearchAndSamples\HttpServer\HttpServer.csproj", "{D58775A4-AF69-45FD-82AB-6959F8D38F43}"
EndProject
Project("{FAE04EC0-301F-11D3-BF4B-00C04F79EFBC}") = "PingClient", "_ResearchAndSamples\PingClient\PingClient.csproj", "{5C8DB099-4910-460F-9353-5BC8CDBD66AF}"
EndProject
Global
	GlobalSection(SolutionConfigurationPlatforms) = preSolution
		Debug|Any CPU = Debug|Any CPU
		Release|Any CPU = Release|Any CPU
	EndGlobalSection
	GlobalSection(ProjectConfigurationPlatforms) = postSolution
		{D2AB95EB-C7AF-49B8-B945-5BD2EB06A29A}.Debug|Any CPU.ActiveCfg = Debug|Any CPU
		{D2AB95EB-C7AF-49B8-B945-5BD2EB06A29A}.Debug|Any CPU.Build.0 = Debug|Any CPU
		{D2AB95EB-C7AF-49B8-B945-5BD2EB06A29A}.Release|Any CPU.ActiveCfg = Release|Any CPU
		{D2AB95EB-C7AF-49B8-B945-5BD2EB06A29A}.Release|Any CPU.Build.0 = Release|Any CPU
		{EB6F90BA-D9F3-48E4-88C2-6172F2DE1C69}.Debug|Any CPU.ActiveCfg = Debug|Any CPU
		{EB6F90BA-D9F3-48E4-88C2-6172F2DE1C69}.Debug|Any CPU.Build.0 = Debug|Any CPU
		{EB6F90BA-D9F3-48E4-88C2-6172F2DE1C69}.Release|Any CPU.ActiveCfg = Release|Any CPU
		{EB6F90BA-D9F3-48E4-88C2-6172F2DE1C69}.Release|Any CPU.Build.0 = Release|Any CPU
		{512E930F-CF8D-4DD6-836D-6A5E311669B0}.Debug|Any CPU.ActiveCfg = Debug|Any CPU
		{512E930F-CF8D-4DD6-836D-6A5E311669B0}.Debug|Any CPU.Build.0 = Debug|Any CPU
		{512E930F-CF8D-4DD6-836D-6A5E311669B0}.Release|Any CPU.ActiveCfg = Release|Any CPU
		{512E930F-CF8D-4DD6-836D-6A5E311669B0}.Release|Any CPU.Build.0 = Release|Any CPU
		{A01BE0CD-4B04-4A6C-A77B-A86D0902D055}.Debug|Any CPU.ActiveCfg = Debug|Any CPU
		{A01BE0CD-4B04-4A6C-A77B-A86D0902D055}.Debug|Any CPU.Build.0 = Debug|Any CPU
		{A01BE0CD-4B04-4A6C-A77B-A86D0902D055}.Release|Any CPU.ActiveCfg = Release|Any CPU
		{A01BE0CD-4B04-4A6C-A77B-A86D0902D055}.Release|Any CPU.Build.0 = Release|Any CPU
		{E35A0676-D95D-4E37-A8A0-BC1F85F05DDE}.Debug|Any CPU.ActiveCfg = Debug|Any CPU
		{E35A0676-D95D-4E37-A8A0-BC1F85F05DDE}.Debug|Any CPU.Build.0 = Debug|Any CPU
		{E35A0676-D95D-4E37-A8A0-BC1F85F05DDE}.Release|Any CPU.ActiveCfg = Release|Any CPU
		{E35A0676-D95D-4E37-A8A0-BC1F85F05DDE}.Release|Any CPU.Build.0 = Release|Any CPU
		{C2CCF126-3F19-46D6-9B3F-6FAF96D73BF1}.Debug|Any CPU.ActiveCfg = Debug|Any CPU
		{C2CCF126-3F19-46D6-9B3F-6FAF96D73BF1}.Debug|Any CPU.Build.0 = Debug|Any CPU
		{C2CCF126-3F19-46D6-9B3F-6FAF96D73BF1}.Debug|Any CPU.Deploy.0 = Debug|Any CPU
		{C2CCF126-3F19-46D6-9B3F-6FAF96D73BF1}.Release|Any CPU.ActiveCfg = Release|Any CPU
		{C2CCF126-3F19-46D6-9B3F-6FAF96D73BF1}.Release|Any CPU.Build.0 = Release|Any CPU
		{C2CCF126-3F19-46D6-9B3F-6FAF96D73BF1}.Release|Any CPU.Deploy.0 = Release|Any CPU
		{3A1D044A-1860-464F-828D-6A4D337E79C9}.Debug|Any CPU.ActiveCfg = Debug|Any CPU
		{3A1D044A-1860-464F-828D-6A4D337E79C9}.Debug|Any CPU.Build.0 = Debug|Any CPU
		{3A1D044A-1860-464F-828D-6A4D337E79C9}.Release|Any CPU.ActiveCfg = Release|Any CPU
		{3A1D044A-1860-464F-828D-6A4D337E79C9}.Release|Any CPU.Build.0 = Release|Any CPU
		{1D7EC53F-350A-4FCE-81EF-3E5951926D15}.Debug|Any CPU.ActiveCfg = Debug|Any CPU
		{1D7EC53F-350A-4FCE-81EF-3E5951926D15}.Debug|Any CPU.Build.0 = Debug|Any CPU
		{1D7EC53F-350A-4FCE-81EF-3E5951926D15}.Debug|Any CPU.Deploy.0 = Debug|Any CPU
		{1D7EC53F-350A-4FCE-81EF-3E5951926D15}.Release|Any CPU.ActiveCfg = Release|Any CPU
		{1D7EC53F-350A-4FCE-81EF-3E5951926D15}.Release|Any CPU.Build.0 = Release|Any CPU
		{1D7EC53F-350A-4FCE-81EF-3E5951926D15}.Release|Any CPU.Deploy.0 = Release|Any CPU
		{D58775A4-AF69-45FD-82AB-6959F8D38F43}.Debug|Any CPU.ActiveCfg = Debug|Any CPU
		{D58775A4-AF69-45FD-82AB-6959F8D38F43}.Debug|Any CPU.Build.0 = Debug|Any CPU
		{D58775A4-AF69-45FD-82AB-6959F8D38F43}.Debug|Any CPU.Deploy.0 = Debug|Any CPU
		{D58775A4-AF69-45FD-82AB-6959F8D38F43}.Release|Any CPU.ActiveCfg = Release|Any CPU
		{D58775A4-AF69-45FD-82AB-6959F8D38F43}.Release|Any CPU.Build.0 = Release|Any CPU
		{D58775A4-AF69-45FD-82AB-6959F8D38F43}.Release|Any CPU.Deploy.0 = Release|Any CPU
		{5C8DB099-4910-460F-9353-5BC8CDBD66AF}.Debug|Any CPU.ActiveCfg = Debug|Any CPU
		{5C8DB099-4910-460F-9353-5BC8CDBD66AF}.Debug|Any CPU.Build.0 = Debug|Any CPU
		{5C8DB099-4910-460F-9353-5BC8CDBD66AF}.Debug|Any CPU.Deploy.0 = Debug|Any CPU
		{5C8DB099-4910-460F-9353-5BC8CDBD66AF}.Release|Any CPU.ActiveCfg = Release|Any CPU
		{5C8DB099-4910-460F-9353-5BC8CDBD66AF}.Release|Any CPU.Build.0 = Release|Any CPU
		{5C8DB099-4910-460F-9353-5BC8CDBD66AF}.Release|Any CPU.Deploy.0 = Release|Any CPU
	EndGlobalSection
	GlobalSection(SolutionProperties) = preSolution
		HideSolutionNode = FALSE
	EndGlobalSection
	GlobalSection(NestedProjects) = preSolution
		{1D7EC53F-350A-4FCE-81EF-3E5951926D15} = {4916A144-19B6-4211-8E07-D8268368AA81}
		{D58775A4-AF69-45FD-82AB-6959F8D38F43} = {4916A144-19B6-4211-8E07-D8268368AA81}
		{5C8DB099-4910-460F-9353-5BC8CDBD66AF} = {4916A144-19B6-4211-8E07-D8268368AA81}
	EndGlobalSection
EndGlobal
