
Microsoft Visual Studio Solution File, Format Version 12.00
# Visual Studio 2013
VisualStudioVersion = 12.0.40629.0
MinimumVisualStudioVersion = 10.0.40219.1
Project("{FAE04EC0-301F-11D3-BF4B-00C04F79EFBC}") = "Algae.Dpws.Service", "Algae.Dpws.Service\Algae.Dpws.Service.csproj", "{02E7DC34-8AF4-42FF-A0F8-D291E4981487}"
EndProject
Project("{FAE04EC0-301F-11D3-BF4B-00C04F79EFBC}") = "Algae.Dpws.Client", "Algae.Dpws.Client\Algae.Dpws.Client.csproj", "{4F8FD2EA-8A2F-4DD5-A823-88086298DB04}"
EndProject
Project("{FAE04EC0-301F-11D3-BF4B-00C04F79EFBC}") = "Algae.Hardware.G120.Ethernet", "Algae.Hardware.G120.Ethernet\Algae.Hardware.G120.Ethernet.csproj", "{99326CBB-660F-44A0-9EEC-06183B70A95E}"
EndProject
Project("{FAE04EC0-301F-11D3-BF4B-00C04F79EFBC}") = "Algae.Main", "Algae.Main\Algae.Main.csproj", "{0236C110-6014-448D-A716-2F06F698279C}"
EndProject
Global
	GlobalSection(SolutionConfigurationPlatforms) = preSolution
		Debug|Any CPU = Debug|Any CPU
		Release|Any CPU = Release|Any CPU
	EndGlobalSection
	GlobalSection(ProjectConfigurationPlatforms) = postSolution
		{02E7DC34-8AF4-42FF-A0F8-D291E4981487}.Debug|Any CPU.ActiveCfg = Debug|Any CPU
		{02E7DC34-8AF4-42FF-A0F8-D291E4981487}.Debug|Any CPU.Build.0 = Debug|Any CPU
		{02E7DC34-8AF4-42FF-A0F8-D291E4981487}.Release|Any CPU.ActiveCfg = Release|Any CPU
		{02E7DC34-8AF4-42FF-A0F8-D291E4981487}.Release|Any CPU.Build.0 = Release|Any CPU
		{4F8FD2EA-8A2F-4DD5-A823-88086298DB04}.Debug|Any CPU.ActiveCfg = Debug|Any CPU
		{4F8FD2EA-8A2F-4DD5-A823-88086298DB04}.Debug|Any CPU.Build.0 = Debug|Any CPU
		{4F8FD2EA-8A2F-4DD5-A823-88086298DB04}.Release|Any CPU.ActiveCfg = Release|Any CPU
		{4F8FD2EA-8A2F-4DD5-A823-88086298DB04}.Release|Any CPU.Build.0 = Release|Any CPU
		{99326CBB-660F-44A0-9EEC-06183B70A95E}.Debug|Any CPU.ActiveCfg = Debug|Any CPU
		{99326CBB-660F-44A0-9EEC-06183B70A95E}.Debug|Any CPU.Build.0 = Debug|Any CPU
		{99326CBB-660F-44A0-9EEC-06183B70A95E}.Release|Any CPU.ActiveCfg = Release|Any CPU
		{99326CBB-660F-44A0-9EEC-06183B70A95E}.Release|Any CPU.Build.0 = Release|Any CPU
		{0236C110-6014-448D-A716-2F06F698279C}.Debug|Any CPU.ActiveCfg = Debug|Any CPU
		{0236C110-6014-448D-A716-2F06F698279C}.Debug|Any CPU.Build.0 = Debug|Any CPU
		{0236C110-6014-448D-A716-2F06F698279C}.Debug|Any CPU.Deploy.0 = Debug|Any CPU
		{0236C110-6014-448D-A716-2F06F698279C}.Release|Any CPU.ActiveCfg = Release|Any CPU
		{0236C110-6014-448D-A716-2F06F698279C}.Release|Any CPU.Build.0 = Release|Any CPU
		{0236C110-6014-448D-A716-2F06F698279C}.Release|Any CPU.Deploy.0 = Release|Any CPU
	EndGlobalSection
	GlobalSection(SolutionProperties) = preSolution
		HideSolutionNode = FALSE
	EndGlobalSection
EndGlobal
