
Microsoft Visual Studio Solution File, Format Version 12.00
# Visual Studio 2012
Project("{FAE04EC0-301F-11D3-BF4B-00C04F79EFBC}") = "WCFGadgetLocator", "WCFGadgetLocator\WCFGadgetLocator.csproj", "{C5A28FC5-8476-4270-B33D-E5F6AE1D330C}"
EndProject
Project("{FAE04EC0-301F-11D3-BF4B-00C04F79EFBC}") = "LocatorDemoClient", "LocatorDemoClient\LocatorDemoClient.csproj", "{A28CB45C-6D1C-47CF-8E00-2B99877E265A}"
EndProject
Global
	GlobalSection(SolutionConfigurationPlatforms) = preSolution
		Debug|Any CPU = Debug|Any CPU
		Release|Any CPU = Release|Any CPU
	EndGlobalSection
	GlobalSection(ProjectConfigurationPlatforms) = postSolution
		{C5A28FC5-8476-4270-B33D-E5F6AE1D330C}.Debug|Any CPU.ActiveCfg = Debug|Any CPU
		{C5A28FC5-8476-4270-B33D-E5F6AE1D330C}.Debug|Any CPU.Build.0 = Debug|Any CPU
		{C5A28FC5-8476-4270-B33D-E5F6AE1D330C}.Release|Any CPU.ActiveCfg = Release|Any CPU
		{C5A28FC5-8476-4270-B33D-E5F6AE1D330C}.Release|Any CPU.Build.0 = Release|Any CPU
		{A28CB45C-6D1C-47CF-8E00-2B99877E265A}.Debug|Any CPU.ActiveCfg = Debug|Any CPU
		{A28CB45C-6D1C-47CF-8E00-2B99877E265A}.Debug|Any CPU.Build.0 = Debug|Any CPU
		{A28CB45C-6D1C-47CF-8E00-2B99877E265A}.Release|Any CPU.ActiveCfg = Release|Any CPU
		{A28CB45C-6D1C-47CF-8E00-2B99877E265A}.Release|Any CPU.Build.0 = Release|Any CPU
	EndGlobalSection
	GlobalSection(SolutionProperties) = preSolution
		HideSolutionNode = FALSE
	EndGlobalSection
EndGlobal
